id: dvbs2rx_xfecframe_demapper_cb
label: XFECFRAME Demapper
category: "[Core]/Digital Television/DVB-S2"
flags: [python, cpp]

templates:
  imports: from gnuradio import dvbs2rx
  make: |-
    dvbs2rx.xfecframe_demapper_cb(
      *dvbs2rx.params.translate("DVB-S2", ${framesize}, ${rate},
      ${constellation})[1:])
cpp_templates:
  includes: [
      "#include <gnuradio/dvbs2rx/xfecframe_demapper_cb.h>",
      "#include <gnuradio/dvbs2rx/common.h>"
  ]
  declarations: 'gr::dvbs2rx::xfecframe_demapper_cb::sptr ${id};'
  make: |
      this->${id} = gr::dvbs2rx::xfecframe_demapper_cb::make(
          gr::dvbs2rx::string_to_dvb_framesize[${framesize}], 
          gr::dvbs2rx::string_to_dvb_code_rate[${rate}], 
          gr::dvbs2rx::string_to_dvb_constellation[${constellation}]
      );
  link: ['gnuradio-dvbs2rx']
  translations:
      "'": '"'
      'True': 'true'
      'False': 'false'

parameters:
  - id: framesize
    label: FECFRAME size
    dtype: string
  - id: rate
    label: Code rate
    dtype: string
  - id: constellation
    label: Constellation
    dtype: string

inputs:
  - label: in
    domain: stream
    dtype: complex
  - domain: message
    id: llr_pdu
    optional: true

outputs:
  - label: out
    domain: stream
    dtype: byte

file_format: 1
