id: dvbs2rx_frame_sync_cc
label: DVB-S2 PL Framer
category: "[Core]/Digital Television/DVB-S2"
flags: [python, cpp]

templates:
    imports: from gnuradio import dvbs2rx
    make: dvbs2rx.frame_sync_cc(${gold_code}, ${freq_est_period}, ${sps}, ${debug_level}, ${pls_code})

cpp_templates:
    includes: ["#include <gnuradio/dvbs2rx/frame_sync_cc.h>"]
    declarations: "gr::dvbs2rx::frame_sync_cc::sptr ${id};"
    make: |
        this->${id} = gr::dvbs2rx::frame_sync_cc::make(
            ${gold_code}, 
            ${freq_est_period}, 
            ${sps}, 
            ${debug_level}, 
            ${pls_code}
        );
    link: ["gnuradio-dvbs2rx"]
    translations:
        "'": '"'
        "True": "true"
        "False": "false"

parameters:
    - id: gold_code
      label: Gold code
      dtype: int
      default: 0
    - id: freq_est_period
      label: Freq. Estimation Period
      dtype: int
      default: 10
    - id: sps
      label: MF Oversampling
      dtype: real
      default: 10.0
    - id: debug_level
      label: Debug Level
      dtype: int
      default: 0
    - id: pls_code
      label: PLSC Bit sequence
      dtype: int
      default: 0

inputs:
    - label: in
      domain: stream
      dtype: complex
      vlen: 1
      optional: 0

outputs:
    - label: out
      domain: stream
      dtype: complex
      vlen: 1
      optional: 0

file_format: 1
